# THIS IS AN AUTOGENERATED FILE. DO NOT EDIT THIS FILE DIRECTLY.
# yarn lockfile v1


"@1inch/byte-utils@2.3.0":
  version "2.3.0"

"@1inch/byte-utils@2.6.0":
  version "2.6.0"

"@1inch/byte-utils@3.0.0":
  version "3.0.0"

"@1inch/cross-chain-sdk@latest":
  version "0.1.15-rc.0"
  resolved "https://registry.npmjs.org/@1inch/cross-chain-sdk/-/cross-chain-sdk-0.1.15-rc.0.tgz"
  integrity sha512-MYVF9vUTrxA/T3BGS5u/tpQWjLX2r1t/Ls3zz0t06lSfTGoAzCONFuGW/OfZ5olVAw+rHLK9k/t5sMt3jW/HGg==
  dependencies:
    "@1inch/byte-utils" "2.6.0"
    "@1inch/fusion-sdk" "2.1.11-rc.2"
    "@openzeppelin/merkle-tree" "1.0.7"
    axios "1.8.2"
    ecies-25519 "1.3.1"
    ethers "6.13.1"
    tslib "2.6.3"
    ws "^8.18.0"

"@1inch/fusion-sdk@2.1.11-rc.2":
  version "2.1.11-rc.2"
  dependencies:
    "@1inch/byte-utils" "2.3.0"
    "@1inch/limit-order-sdk" "^4.9.3-rc.1"
    ethers "^6.13.1"
    tslib "^2.6.3"
    ws "^8.17.1"

"@1inch/limit-order-sdk@^4.9.3-rc.1":
  version "4.13.0"
  dependencies:
    "@1inch/byte-utils" "3.0.0"
    ethers "6.13.5"

"@adraffy/ens-normalize@^1.8.8":
  version "1.11.0"

"@adraffy/ens-normalize@1.10.1":
  version "1.10.1"

"@cspotcode/source-map-support@^0.8.0":
  version "0.8.1"
  dependencies:
    "@jridgewell/trace-mapping" "0.3.9"

"@ethereumjs/rlp@^4.0.1":
  version "4.0.1"

"@ethereumjs/rlp@^5.0.2":
  version "5.0.2"

"@ethersproject/abi@^5.7.0":
  version "5.8.0"
  dependencies:
    "@ethersproject/address" "^5.8.0"
    "@ethersproject/bignumber" "^5.8.0"
    "@ethersproject/bytes" "^5.8.0"
    "@ethersproject/constants" "^5.8.0"
    "@ethersproject/hash" "^5.8.0"
    "@ethersproject/keccak256" "^5.8.0"
    "@ethersproject/logger" "^5.8.0"
    "@ethersproject/properties" "^5.8.0"
    "@ethersproject/strings" "^5.8.0"

"@ethersproject/abstract-provider@^5.8.0":
  version "5.8.0"
  dependencies:
    "@ethersproject/bignumber" "^5.8.0"
    "@ethersproject/bytes" "^5.8.0"
    "@ethersproject/logger" "^5.8.0"
    "@ethersproject/networks" "^5.8.0"
    "@ethersproject/properties" "^5.8.0"
    "@ethersproject/transactions" "^5.8.0"
    "@ethersproject/web" "^5.8.0"

"@ethersproject/abstract-signer@^5.8.0":
  version "5.8.0"
  dependencies:
    "@ethersproject/abstract-provider" "^5.8.0"
    "@ethersproject/bignumber" "^5.8.0"
    "@ethersproject/bytes" "^5.8.0"
    "@ethersproject/logger" "^5.8.0"
    "@ethersproject/properties" "^5.8.0"

"@ethersproject/address@^5.8.0":
  version "5.8.0"
  dependencies:
    "@ethersproject/bignumber" "^5.8.0"
    "@ethersproject/bytes" "^5.8.0"
    "@ethersproject/keccak256" "^5.8.0"
    "@ethersproject/logger" "^5.8.0"
    "@ethersproject/rlp" "^5.8.0"

"@ethersproject/base64@^5.8.0":
  version "5.8.0"
  dependencies:
    "@ethersproject/bytes" "^5.8.0"

"@ethersproject/bignumber@^5.8.0":
  version "5.8.0"
  dependencies:
    "@ethersproject/bytes" "^5.8.0"
    "@ethersproject/logger" "^5.8.0"
    bn.js "^5.2.1"

"@ethersproject/bytes@^5.7.0", "@ethersproject/bytes@^5.8.0":
  version "5.8.0"
  dependencies:
    "@ethersproject/logger" "^5.8.0"

"@ethersproject/constants@^5.7.0", "@ethersproject/constants@^5.8.0":
  version "5.8.0"
  dependencies:
    "@ethersproject/bignumber" "^5.8.0"

"@ethersproject/hash@^5.8.0":
  version "5.8.0"
  dependencies:
    "@ethersproject/abstract-signer" "^5.8.0"
    "@ethersproject/address" "^5.8.0"
    "@ethersproject/base64" "^5.8.0"
    "@ethersproject/bignumber" "^5.8.0"
    "@ethersproject/bytes" "^5.8.0"
    "@ethersproject/keccak256" "^5.8.0"
    "@ethersproject/logger" "^5.8.0"
    "@ethersproject/properties" "^5.8.0"
    "@ethersproject/strings" "^5.8.0"

"@ethersproject/keccak256@^5.7.0", "@ethersproject/keccak256@^5.8.0":
  version "5.8.0"
  dependencies:
    "@ethersproject/bytes" "^5.8.0"
    js-sha3 "0.8.0"

"@ethersproject/logger@^5.8.0":
  version "5.8.0"

"@ethersproject/networks@^5.8.0":
  version "5.8.0"
  dependencies:
    "@ethersproject/logger" "^5.8.0"

"@ethersproject/properties@^5.8.0":
  version "5.8.0"
  dependencies:
    "@ethersproject/logger" "^5.8.0"

"@ethersproject/rlp@^5.8.0":
  version "5.8.0"
  dependencies:
    "@ethersproject/bytes" "^5.8.0"
    "@ethersproject/logger" "^5.8.0"

"@ethersproject/signing-key@^5.8.0":
  version "5.8.0"
  dependencies:
    "@ethersproject/bytes" "^5.8.0"
    "@ethersproject/logger" "^5.8.0"
    "@ethersproject/properties" "^5.8.0"
    bn.js "^5.2.1"
    elliptic "6.6.1"
    hash.js "1.1.7"

"@ethersproject/strings@^5.8.0":
  version "5.8.0"
  dependencies:
    "@ethersproject/bytes" "^5.8.0"
    "@ethersproject/constants" "^5.8.0"
    "@ethersproject/logger" "^5.8.0"

"@ethersproject/transactions@^5.8.0":
  version "5.8.0"
  dependencies:
    "@ethersproject/address" "^5.8.0"
    "@ethersproject/bignumber" "^5.8.0"
    "@ethersproject/bytes" "^5.8.0"
    "@ethersproject/constants" "^5.8.0"
    "@ethersproject/keccak256" "^5.8.0"
    "@ethersproject/logger" "^5.8.0"
    "@ethersproject/properties" "^5.8.0"
    "@ethersproject/rlp" "^5.8.0"
    "@ethersproject/signing-key" "^5.8.0"

"@ethersproject/web@^5.8.0":
  version "5.8.0"
  dependencies:
    "@ethersproject/base64" "^5.8.0"
    "@ethersproject/bytes" "^5.8.0"
    "@ethersproject/logger" "^5.8.0"
    "@ethersproject/properties" "^5.8.0"
    "@ethersproject/strings" "^5.8.0"

"@jridgewell/resolve-uri@^3.0.3":
  version "3.1.2"

"@jridgewell/sourcemap-codec@^1.4.10":
  version "1.5.4"

"@jridgewell/trace-mapping@0.3.9":
  version "0.3.9"
  dependencies:
    "@jridgewell/resolve-uri" "^3.0.3"
    "@jridgewell/sourcemap-codec" "^1.4.10"

"@noble/curves@~1.4.0":
  version "1.4.2"
  dependencies:
    "@noble/hashes" "1.4.0"

"@noble/curves@1.2.0":
  version "1.2.0"
  dependencies:
    "@noble/hashes" "1.3.2"

"@noble/curves@1.4.2":
  version "1.4.2"
  dependencies:
    "@noble/hashes" "1.4.0"

"@noble/hashes@~1.4.0", "@noble/hashes@1.4.0":
  version "1.4.0"

"@noble/hashes@1.3.2":
  version "1.3.2"

"@openzeppelin/merkle-tree@1.0.7":
  version "1.0.7"
  dependencies:
    "@ethersproject/abi" "^5.7.0"
    "@ethersproject/bytes" "^5.7.0"
    "@ethersproject/constants" "^5.7.0"
    "@ethersproject/keccak256" "^5.7.0"

"@pedrouid/environment@^1.0.1":
  version "1.0.1"

"@pedrouid/iso-crypto@^1.1.0":
  version "1.1.0"
  dependencies:
    "@pedrouid/iso-random" "^1.1.0"
    aes-js "^3.1.2"
    enc-utils "^3.0.0"
    hash.js "^1.1.7"

"@pedrouid/iso-random@^1.1.0":
  version "1.2.1"
  dependencies:
    "@pedrouid/environment" "^1.0.1"
    enc-utils "^3.0.0"
    randombytes "^2.1.0"

"@scure/base@~1.1.6":
  version "1.1.9"

"@scure/bip32@1.4.0":
  version "1.4.0"
  dependencies:
    "@noble/curves" "~1.4.0"
    "@noble/hashes" "~1.4.0"
    "@scure/base" "~1.1.6"

"@scure/bip39@1.3.0":
  version "1.3.0"
  dependencies:
    "@noble/hashes" "~1.4.0"
    "@scure/base" "~1.1.6"

"@stablelib/binary@^1.0.1":
  version "1.0.1"
  dependencies:
    "@stablelib/int" "^1.0.1"

"@stablelib/bytes@^1.0.1":
  version "1.0.1"

"@stablelib/int@^1.0.1":
  version "1.0.1"

"@stablelib/keyagreement@^1.0.1":
  version "1.0.1"
  dependencies:
    "@stablelib/bytes" "^1.0.1"

"@stablelib/random@^1.0.2":
  version "1.0.2"
  dependencies:
    "@stablelib/binary" "^1.0.1"
    "@stablelib/wipe" "^1.0.1"

"@stablelib/wipe@^1.0.1":
  version "1.0.1"

"@stablelib/x25519@^1.0.0":
  version "1.0.3"
  dependencies:
    "@stablelib/keyagreement" "^1.0.1"
    "@stablelib/random" "^1.0.2"
    "@stablelib/wipe" "^1.0.1"

"@tsconfig/node10@^1.0.7":
  version "1.0.11"

"@tsconfig/node12@^1.0.7":
  version "1.0.11"

"@tsconfig/node14@^1.0.0":
  version "1.0.3"

"@tsconfig/node16@^1.0.2":
  version "1.0.4"

"@types/node@*", "@types/node@^22.7.4":
  version "22.16.0"
  dependencies:
    undici-types "~6.21.0"

"@types/node@18.15.13":
  version "18.15.13"

"@types/node@22.7.5":
  version "22.7.5"
  dependencies:
    undici-types "~6.19.2"

"@types/ws@8.5.3":
  version "8.5.3"
  dependencies:
    "@types/node" "*"

abitype@0.7.1:
  version "0.7.1"

acorn-walk@^8.1.1:
  version "8.3.4"
  dependencies:
    acorn "^8.11.0"

acorn@^8.11.0, acorn@^8.4.1:
  version "8.15.0"

aes-js@^3.1.2:
  version "3.1.2"

aes-js@4.0.0-beta.5:
  version "4.0.0-beta.5"

arg@^4.1.0:
  version "4.1.3"

asynckit@^0.4.0:
  version "0.4.0"

available-typed-arrays@^1.0.7:
  version "1.0.7"
  dependencies:
    possible-typed-array-names "^1.0.0"

"axios@>=1 <2", axios@1.8.2:
  version "1.8.2"
  dependencies:
    follow-redirects "^1.15.6"
    form-data "^4.0.0"
    proxy-from-env "^1.1.0"

bn.js@^4.11.9:
  version "4.12.2"

bn.js@^5.2.1:
  version "5.2.2"

brorand@^1.1.0:
  version "1.1.0"

call-bind-apply-helpers@^1.0.0, call-bind-apply-helpers@^1.0.1, call-bind-apply-helpers@^1.0.2:
  version "1.0.2"
  dependencies:
    es-errors "^1.3.0"
    function-bind "^1.1.2"

call-bind@^1.0.8:
  version "1.0.8"
  dependencies:
    call-bind-apply-helpers "^1.0.0"
    es-define-property "^1.0.0"
    get-intrinsic "^1.2.4"
    set-function-length "^1.2.2"

call-bound@^1.0.2, call-bound@^1.0.3, call-bound@^1.0.4:
  version "1.0.4"
  dependencies:
    call-bind-apply-helpers "^1.0.2"
    get-intrinsic "^1.3.0"

combined-stream@^1.0.8:
  version "1.0.8"
  dependencies:
    delayed-stream "~1.0.0"

crc-32@^1.2.2:
  version "1.2.2"

create-require@^1.1.0:
  version "1.1.1"

cross-fetch@^4.0.0:
  version "4.1.0"
  dependencies:
    node-fetch "^2.7.0"

define-data-property@^1.1.4:
  version "1.1.4"
  dependencies:
    es-define-property "^1.0.0"
    es-errors "^1.3.0"
    gopd "^1.0.1"

delayed-stream@~1.0.0:
  version "1.0.0"

diff@^4.0.1:
  version "4.0.2"

dotenv@^16.4.5:
  version "16.6.1"

dunder-proto@^1.0.1:
  version "1.0.1"
  dependencies:
    call-bind-apply-helpers "^1.0.1"
    es-errors "^1.3.0"
    gopd "^1.2.0"

ecies-25519@1.3.1:
  version "1.3.1"
  dependencies:
    "@pedrouid/iso-crypto" "^1.1.0"
    "@stablelib/x25519" "^1.0.0"
    enc-utils "^3.0.0"

elliptic@6.6.1:
  version "6.6.1"
  dependencies:
    bn.js "^4.11.9"
    brorand "^1.1.0"
    hash.js "^1.0.0"
    hmac-drbg "^1.0.1"
    inherits "^2.0.4"
    minimalistic-assert "^1.0.1"
    minimalistic-crypto-utils "^1.0.1"

enc-utils@^3.0.0:
  version "3.0.0"
  dependencies:
    is-typedarray "1.0.0"
    typedarray-to-buffer "3.1.5"

es-define-property@^1.0.0, es-define-property@^1.0.1:
  version "1.0.1"

es-errors@^1.3.0:
  version "1.3.0"

es-object-atoms@^1.0.0, es-object-atoms@^1.1.1:
  version "1.1.1"
  dependencies:
    es-errors "^1.3.0"

es-set-tostringtag@^2.1.0:
  version "2.1.0"
  dependencies:
    es-errors "^1.3.0"
    get-intrinsic "^1.2.6"
    has-tostringtag "^1.0.2"
    hasown "^2.0.2"

ethereum-cryptography@^2.0.0:
  version "2.2.1"
  dependencies:
    "@noble/curves" "1.4.2"
    "@noble/hashes" "1.4.0"
    "@scure/bip32" "1.4.0"
    "@scure/bip39" "1.3.0"

ethers@^6.13.1, ethers@^6.15.0:
  version "6.15.0"
  resolved "https://registry.npmjs.org/ethers/-/ethers-6.15.0.tgz"
  integrity sha512-Kf/3ZW54L4UT0pZtsY/rf+EkBU7Qi5nnhonjUb8yTXcxH3cdcWrV2cRyk0Xk/4jK6OoHhxxZHriyhje20If2hQ==
  dependencies:
    "@adraffy/ens-normalize" "1.10.1"
    "@noble/curves" "1.2.0"
    "@noble/hashes" "1.3.2"
    "@types/node" "22.7.5"
    aes-js "4.0.0-beta.5"
    tslib "2.7.0"
    ws "8.17.1"

ethers@6.13.1:
  version "6.13.1"
  dependencies:
    "@adraffy/ens-normalize" "1.10.1"
    "@noble/curves" "1.2.0"
    "@noble/hashes" "1.3.2"
    "@types/node" "18.15.13"
    aes-js "4.0.0-beta.5"
    tslib "2.4.0"
    ws "8.17.1"

ethers@6.13.5:
  version "6.13.5"
  dependencies:
    "@adraffy/ens-normalize" "1.10.1"
    "@noble/curves" "1.2.0"
    "@noble/hashes" "1.3.2"
    "@types/node" "22.7.5"
    aes-js "4.0.0-beta.5"
    tslib "2.7.0"
    ws "8.17.1"

eventemitter3@^5.0.1:
  version "5.0.1"

follow-redirects@^1.15.6:
  version "1.15.9"

for-each@^0.3.5:
  version "0.3.5"
  dependencies:
    is-callable "^1.2.7"

form-data@^4.0.0:
  version "4.0.3"
  dependencies:
    asynckit "^0.4.0"
    combined-stream "^1.0.8"
    es-set-tostringtag "^2.1.0"
    hasown "^2.0.2"
    mime-types "^2.1.12"

function-bind@^1.1.2:
  version "1.1.2"

get-intrinsic@^1.2.4, get-intrinsic@^1.2.6, get-intrinsic@^1.3.0:
  version "1.3.0"
  dependencies:
    call-bind-apply-helpers "^1.0.2"
    es-define-property "^1.0.1"
    es-errors "^1.3.0"
    es-object-atoms "^1.1.1"
    function-bind "^1.1.2"
    get-proto "^1.0.1"
    gopd "^1.2.0"
    has-symbols "^1.1.0"
    hasown "^2.0.2"
    math-intrinsics "^1.1.0"

get-proto@^1.0.0, get-proto@^1.0.1:
  version "1.0.1"
  dependencies:
    dunder-proto "^1.0.1"
    es-object-atoms "^1.0.0"

gopd@^1.0.1, gopd@^1.2.0:
  version "1.2.0"

has-property-descriptors@^1.0.2:
  version "1.0.2"
  dependencies:
    es-define-property "^1.0.0"

has-symbols@^1.0.3, has-symbols@^1.1.0:
  version "1.1.0"

has-tostringtag@^1.0.2:
  version "1.0.2"
  dependencies:
    has-symbols "^1.0.3"

hash.js@^1.0.0, hash.js@^1.0.3, hash.js@^1.1.7, hash.js@1.1.7:
  version "1.1.7"
  dependencies:
    inherits "^2.0.3"
    minimalistic-assert "^1.0.1"

hasown@^2.0.2:
  version "2.0.2"
  dependencies:
    function-bind "^1.1.2"

hmac-drbg@^1.0.1:
  version "1.0.1"
  dependencies:
    hash.js "^1.0.3"
    minimalistic-assert "^1.0.0"
    minimalistic-crypto-utils "^1.0.1"

inherits@^2.0.3, inherits@^2.0.4:
  version "2.0.4"

is-arguments@^1.0.4:
  version "1.2.0"
  dependencies:
    call-bound "^1.0.2"
    has-tostringtag "^1.0.2"

is-callable@^1.2.7:
  version "1.2.7"

is-generator-function@^1.0.7:
  version "1.1.0"
  dependencies:
    call-bound "^1.0.3"
    get-proto "^1.0.0"
    has-tostringtag "^1.0.2"
    safe-regex-test "^1.1.0"

is-regex@^1.2.1:
  version "1.2.1"
  dependencies:
    call-bound "^1.0.2"
    gopd "^1.2.0"
    has-tostringtag "^1.0.2"
    hasown "^2.0.2"

is-typed-array@^1.1.3:
  version "1.1.15"
  dependencies:
    which-typed-array "^1.1.16"

is-typedarray@^1.0.0, is-typedarray@1.0.0:
  version "1.0.0"

isomorphic-ws@^5.0.0:
  version "5.0.0"

js-sha3@0.8.0:
  version "0.8.0"

make-error@^1.1.1:
  version "1.3.6"

math-intrinsics@^1.1.0:
  version "1.1.0"

mime-db@1.52.0:
  version "1.52.0"

mime-types@^2.1.12:
  version "2.1.35"
  dependencies:
    mime-db "1.52.0"

minimalistic-assert@^1.0.0, minimalistic-assert@^1.0.1:
  version "1.0.1"

minimalistic-crypto-utils@^1.0.1:
  version "1.0.1"

node-fetch@^2.7.0:
  version "2.7.0"
  dependencies:
    whatwg-url "^5.0.0"

possible-typed-array-names@^1.0.0:
  version "1.1.0"

proxy-from-env@^1.1.0:
  version "1.1.0"

randombytes@^2.1.0:
  version "2.1.0"
  dependencies:
    safe-buffer "^5.1.0"

safe-buffer@^5.1.0:
  version "5.2.1"

safe-regex-test@^1.1.0:
  version "1.1.0"
  dependencies:
    call-bound "^1.0.2"
    es-errors "^1.3.0"
    is-regex "^1.2.1"

set-function-length@^1.2.2:
  version "1.2.2"
  dependencies:
    define-data-property "^1.1.4"
    es-errors "^1.3.0"
    function-bind "^1.1.2"
    get-intrinsic "^1.2.4"
    gopd "^1.0.1"
    has-property-descriptors "^1.0.2"

setimmediate@^1.0.5:
  version "1.0.5"

tr46@~0.0.3:
  version "0.0.3"

ts-node@^10.9.2:
  version "10.9.2"
  dependencies:
    "@cspotcode/source-map-support" "^0.8.0"
    "@tsconfig/node10" "^1.0.7"
    "@tsconfig/node12" "^1.0.7"
    "@tsconfig/node14" "^1.0.0"
    "@tsconfig/node16" "^1.0.2"
    acorn "^8.4.1"
    acorn-walk "^8.1.1"
    arg "^4.1.0"
    create-require "^1.1.0"
    diff "^4.0.1"
    make-error "^1.1.1"
    v8-compile-cache-lib "^3.0.1"
    yn "3.1.1"

tslib@^2.6.3:
  version "2.8.1"

tslib@2.4.0:
  version "2.4.0"

tslib@2.6.3:
  version "2.6.3"

tslib@2.7.0:
  version "2.7.0"

typedarray-to-buffer@3.1.5:
  version "3.1.5"
  dependencies:
    is-typedarray "^1.0.0"

typescript@^5.6.2, typescript@>=2.7, typescript@>=4.9.4:
  version "5.8.3"

undici-types@~6.19.2:
  version "6.19.8"

undici-types@~6.21.0:
  version "6.21.0"

undici-types@~7.8.0:
  version "7.8.0"

util@^0.12.5:
  version "0.12.5"
  dependencies:
    inherits "^2.0.3"
    is-arguments "^1.0.4"
    is-generator-function "^1.0.7"
    is-typed-array "^1.1.3"
    which-typed-array "^1.1.2"

v8-compile-cache-lib@^3.0.1:
  version "3.0.1"

web3-core@^4.4.0, web3-core@^4.5.0, web3-core@^4.6.0, web3-core@^4.7.1:
  version "4.7.1"
  dependencies:
    web3-errors "^1.3.1"
    web3-eth-accounts "^4.3.1"
    web3-eth-iban "^4.0.7"
    web3-providers-http "^4.2.0"
    web3-providers-ws "^4.0.8"
    web3-types "^1.10.0"
    web3-utils "^4.3.3"
    web3-validator "^2.0.6"
  optionalDependencies:
    web3-providers-ipc "^4.0.7"

web3-errors@^1.1.3, web3-errors@^1.2.0, web3-errors@^1.3.0, web3-errors@^1.3.1:
  version "1.3.1"
  dependencies:
    web3-types "^1.10.0"

web3-eth-abi@^4.4.1:
  version "4.4.1"
  dependencies:
    abitype "0.7.1"
    web3-errors "^1.3.1"
    web3-types "^1.10.0"
    web3-utils "^4.3.3"
    web3-validator "^2.0.6"

web3-eth-accounts@^4.3.1:
  version "4.3.1"
  dependencies:
    "@ethereumjs/rlp" "^4.0.1"
    crc-32 "^1.2.2"
    ethereum-cryptography "^2.0.0"
    web3-errors "^1.3.1"
    web3-types "^1.10.0"
    web3-utils "^4.3.3"
    web3-validator "^2.0.6"

web3-eth-contract@^4.5.0, web3-eth-contract@^4.7.2:
  version "4.7.2"
  dependencies:
    "@ethereumjs/rlp" "^5.0.2"
    web3-core "^4.7.1"
    web3-errors "^1.3.1"
    web3-eth "^4.11.1"
    web3-eth-abi "^4.4.1"
    web3-types "^1.10.0"
    web3-utils "^4.3.3"
    web3-validator "^2.0.6"

web3-eth-ens@^4.4.0:
  version "4.4.0"
  dependencies:
    "@adraffy/ens-normalize" "^1.8.8"
    web3-core "^4.5.0"
    web3-errors "^1.2.0"
    web3-eth "^4.8.0"
    web3-eth-contract "^4.5.0"
    web3-net "^4.1.0"
    web3-types "^1.7.0"
    web3-utils "^4.3.0"
    web3-validator "^2.0.6"

web3-eth-iban@^4.0.7:
  version "4.0.7"
  dependencies:
    web3-errors "^1.1.3"
    web3-types "^1.3.0"
    web3-utils "^4.0.7"
    web3-validator "^2.0.3"

web3-eth-personal@^4.1.0:
  version "4.1.0"
  dependencies:
    web3-core "^4.6.0"
    web3-eth "^4.9.0"
    web3-rpc-methods "^1.3.0"
    web3-types "^1.8.0"
    web3-utils "^4.3.1"
    web3-validator "^2.0.6"

web3-eth@^4.11.1, web3-eth@^4.8.0, web3-eth@^4.9.0:
  version "4.11.1"
  dependencies:
    setimmediate "^1.0.5"
    web3-core "^4.7.1"
    web3-errors "^1.3.1"
    web3-eth-abi "^4.4.1"
    web3-eth-accounts "^4.3.1"
    web3-net "^4.1.0"
    web3-providers-ws "^4.0.8"
    web3-rpc-methods "^1.3.0"
    web3-types "^1.10.0"
    web3-utils "^4.3.3"
    web3-validator "^2.0.6"

web3-net@^4.1.0:
  version "4.1.0"
  dependencies:
    web3-core "^4.4.0"
    web3-rpc-methods "^1.3.0"
    web3-types "^1.6.0"
    web3-utils "^4.3.0"

web3-providers-http@^4.2.0:
  version "4.2.0"
  dependencies:
    cross-fetch "^4.0.0"
    web3-errors "^1.3.0"
    web3-types "^1.7.0"
    web3-utils "^4.3.1"

web3-providers-ipc@^4.0.7:
  version "4.0.7"
  dependencies:
    web3-errors "^1.1.3"
    web3-types "^1.3.0"
    web3-utils "^4.0.7"

web3-providers-ws@^4.0.8:
  version "4.0.8"
  dependencies:
    "@types/ws" "8.5.3"
    isomorphic-ws "^5.0.0"
    web3-errors "^1.2.0"
    web3-types "^1.7.0"
    web3-utils "^4.3.1"
    ws "^8.17.1"

web3-rpc-methods@^1.3.0:
  version "1.3.0"
  dependencies:
    web3-core "^4.4.0"
    web3-types "^1.6.0"
    web3-validator "^2.0.6"

web3-rpc-providers@^1.0.0-rc.4:
  version "1.0.0-rc.4"
  dependencies:
    web3-errors "^1.3.1"
    web3-providers-http "^4.2.0"
    web3-providers-ws "^4.0.8"
    web3-types "^1.10.0"
    web3-utils "^4.3.3"
    web3-validator "^2.0.6"

web3-types@^1.10.0, web3-types@^1.3.0, web3-types@^1.6.0, web3-types@^1.7.0, web3-types@^1.8.0:
  version "1.10.0"

web3-utils@^4.0.7, web3-utils@^4.3.0, web3-utils@^4.3.1, web3-utils@^4.3.3:
  version "4.3.3"
  dependencies:
    ethereum-cryptography "^2.0.0"
    eventemitter3 "^5.0.1"
    web3-errors "^1.3.1"
    web3-types "^1.10.0"
    web3-validator "^2.0.6"

web3-validator@^2.0.3, web3-validator@^2.0.6:
  version "2.0.6"
  dependencies:
    ethereum-cryptography "^2.0.0"
    util "^0.12.5"
    web3-errors "^1.2.0"
    web3-types "^1.6.0"
    zod "^3.21.4"

web3@^4.13.0:
  version "4.16.0"
  dependencies:
    web3-core "^4.7.1"
    web3-errors "^1.3.1"
    web3-eth "^4.11.1"
    web3-eth-abi "^4.4.1"
    web3-eth-accounts "^4.3.1"
    web3-eth-contract "^4.7.2"
    web3-eth-ens "^4.4.0"
    web3-eth-iban "^4.0.7"
    web3-eth-personal "^4.1.0"
    web3-net "^4.1.0"
    web3-providers-http "^4.2.0"
    web3-providers-ws "^4.0.8"
    web3-rpc-methods "^1.3.0"
    web3-rpc-providers "^1.0.0-rc.4"
    web3-types "^1.10.0"
    web3-utils "^4.3.3"
    web3-validator "^2.0.6"

webidl-conversions@^3.0.0:
  version "3.0.1"

whatwg-url@^5.0.0:
  version "5.0.0"
  dependencies:
    tr46 "~0.0.3"
    webidl-conversions "^3.0.0"

which-typed-array@^1.1.16, which-typed-array@^1.1.2:
  version "1.1.19"
  dependencies:
    available-typed-arrays "^1.0.7"
    call-bind "^1.0.8"
    call-bound "^1.0.4"
    for-each "^0.3.5"
    get-proto "^1.0.1"
    gopd "^1.2.0"
    has-tostringtag "^1.0.2"

ws@*, ws@^8.17.1, ws@^8.18.0:
  version "8.18.3"

ws@8.17.1:
  version "8.17.1"

yn@3.1.1:
  version "3.1.1"

"zod@^3 >=3.19.1", zod@^3.21.4:
  version "3.25.74"
